{
  "name": "@my-workspaces-powered-project/root",
  "lockfileVersion": 2,
  "requires": true,
  "packages": {
    "": {
      "name": "@my-workspaces-powered-project/root",
      "workspaces": [
        "package-a",
        "package-b"
      ],
      "dependencies": {
        "@my-workspaces-powered-project/package-a": "file:package-a"
      }
    },
    "node_modules/@my-workspaces-powered-project/package-a": {
      "resolved": "package-a",
      "link": true
    },
    "node_modules/@my-workspaces-powered-project/package-b": {
      "resolved": "package-b",
      "link": true
    },
    "package-a": {
      "name": "@my-workspaces-powered-project/package-a",
      "version": "1.0.0",
      "license": "ISC"
    },
    "package-b": {
      "name": "@my-workspaces-powered-project/package-b",
      "version": "1.0.0",
      "license": "ISC",
      "dependencies": {
        "@my-workspaces-powered-project/package-a": "^1.0.0"
      }
    }
  },
  "dependencies": {
    "@my-workspaces-powered-project/package-a": {
      "version": "file:package-a"
    },
    "@my-workspaces-powered-project/package-b": {
      "version": "file:package-b",
      "requires": {
        "@my-workspaces-powered-project/package-a": "^1.0.0"
      }
    }
  }
}
